
Microsoft Visual Studio Solution File, Format Version 12.00
# Visual Studio 15
VisualStudioVersion = 15.0.28307.2092
MinimumVisualStudioVersion = 10.0.40219.1
Project("{8BC9CEB8-8B4A-11D0-8D11-00A0C91BC942}") = "chapter06", "chapter06\chapter06.vcxproj", "{5E36352B-F1E4-4C3F-8586-A41F8894CA0D}"
EndProject
Global
	GlobalSection(SolutionConfigurationPlatforms) = preSolution
		Debug|x64 = Debug|x64
		Debug|x86 = Debug|x86
		Release|x64 = Release|x64
		Release|x86 = Release|x86
	EndGlobalSection
	GlobalSection(ProjectConfigurationPlatforms) = postSolution
		{5E36352B-F1E4-4C3F-8586-A41F8894CA0D}.Debug|x64.ActiveCfg = Debug|x64
		{5E36352B-F1E4-4C3F-8586-A41F8894CA0D}.Debug|x64.Build.0 = Debug|x64
		{5E36352B-F1E4-4C3F-8586-A41F8894CA0D}.Debug|x86.ActiveCfg = Debug|Win32
		{5E36352B-F1E4-4C3F-8586-A41F8894CA0D}.Debug|x86.Build.0 = Debug|Win32
		{5E36352B-F1E4-4C3F-8586-A41F8894CA0D}.Release|x64.ActiveCfg = Release|x64
		{5E36352B-F1E4-4C3F-8586-A41F8894CA0D}.Release|x64.Build.0 = Release|x64
		{5E36352B-F1E4-4C3F-8586-A41F8894CA0D}.Release|x86.ActiveCfg = Release|Win32
		{5E36352B-F1E4-4C3F-8586-A41F8894CA0D}.Release|x86.Build.0 = Release|Win32
	EndGlobalSection
	GlobalSection(SolutionProperties) = preSolution
		HideSolutionNode = FALSE
	EndGlobalSection
	GlobalSection(ExtensibilityGlobals) = postSolution
		SolutionGuid = {CAC29AE2-0BCA-4204-A916-C7F0080DDFBF}
	EndGlobalSection
EndGlobal
